
Microsoft Visual Studio Solution File, Format Version 12.00
# Visual Studio 15
VisualStudioVersion = 15.0.28307.329
MinimumVisualStudioVersion = 10.0.40219.1
Project("{FAE04EC0-301F-11D3-BF4B-00C04F79EFBC}") = "Structure Practice", "Structure Practice\Structure Practice.csproj", "{B506357F-D241-47A7-A58C-068FFAE3F09B}"
EndProject
Global
	GlobalSection(SolutionConfigurationPlatforms) = preSolution
		Debug|Any CPU = Debug|Any CPU
		Release|Any CPU = Release|Any CPU
	EndGlobalSection
	GlobalSection(ProjectConfigurationPlatforms) = postSolution
		{B506357F-D241-47A7-A58C-068FFAE3F09B}.Debug|Any CPU.ActiveCfg = Debug|Any CPU
		{B506357F-D241-47A7-A58C-068FFAE3F09B}.Debug|Any CPU.Build.0 = Debug|Any CPU
		{B506357F-D241-47A7-A58C-068FFAE3F09B}.Release|Any CPU.ActiveCfg = Release|Any CPU
		{B506357F-D241-47A7-A58C-068FFAE3F09B}.Release|Any CPU.Build.0 = Release|Any CPU
	EndGlobalSection
	GlobalSection(SolutionProperties) = preSolution
		HideSolutionNode = FALSE
	EndGlobalSection
	GlobalSection(ExtensibilityGlobals) = postSolution
		SolutionGuid = {88579C68-598C-4F4A-88F5-5FFD0FD7F35E}
	EndGlobalSection
EndGlobal
